<?xml version="1.0" encoding="utf-8"?>
<Project ToolsVersion="4.0" xmlns="http://schemas.microsoft.com/developer/msbuild/2003">
  <ItemGroup>
    <ClCompile Include="$(WEBOTS_HOME)\src\controller\cpp\Accelerometer.cpp" />
    <ClCompile Include="$(WEBOTS_HOME)\src\controller\cpp\Altimeter.cpp" />
    <ClCompile Include="$(WEBOTS_HOME)\src\controller\cpp\Brake.cpp" />
    <ClCompile Include="$(WEBOTS_HOME)\src\controller\cpp\Camera.cpp" />
    <ClCompile Include="$(WEBOTS_HOME)\src\controller\cpp\Compass.cpp" />
    <ClCompile Include="$(WEBOTS_HOME)\src\controller\cpp\Connector.cpp" />
    <ClCompile Include="$(WEBOTS_HOME)\src\controller\cpp\Device.cpp" />
    <ClCompile Include="$(WEBOTS_HOME)\src\controller\cpp\Display.cpp" />
    <ClCompile Include="$(WEBOTS_HOME)\src\controller\cpp\DistanceSensor.cpp" />
    <ClCompile Include="$(WEBOTS_HOME)\src\controller\cpp\Emitter.cpp" />
    <ClCompile Include="$(WEBOTS_HOME)\src\controller\cpp\Field.cpp" />
    <ClCompile Include="$(WEBOTS_HOME)\src\controller\cpp\GPS.cpp" />
    <ClCompile Include="$(WEBOTS_HOME)\src\controller\cpp\Gyro.cpp" />
    <ClCompile Include="$(WEBOTS_HOME)\src\controller\cpp\InertialUnit.cpp" />
    <ClCompile Include="$(WEBOTS_HOME)\src\controller\cpp\Joystick.cpp" />
    <ClCompile Include="$(WEBOTS_HOME)\src\controller\cpp\Keyboard.cpp" />
    <ClCompile Include="$(WEBOTS_HOME)\src\controller\cpp\LED.cpp" />
    <ClCompile Include="$(WEBOTS_HOME)\src\controller\cpp\Lidar.cpp" />
    <ClCompile Include="$(WEBOTS_HOME)\src\controller\cpp\LightSensor.cpp" />
    <ClCompile Include="$(WEBOTS_HOME)\src\controller\cpp\Motion.cpp" />
    <ClCompile Include="$(WEBOTS_HOME)\src\controller\cpp\Motor.cpp" />
    <ClCompile Include="$(WEBOTS_HOME)\src\controller\cpp\Mouse.cpp" />
    <ClCompile Include="$(WEBOTS_HOME)\src\controller\cpp\Node.cpp" />
    <ClCompile Include="$(WEBOTS_HOME)\src\controller\cpp\Pen.cpp" />
    <ClCompile Include="$(WEBOTS_HOME)\src\controller\cpp\PositionSensor.cpp" />
    <ClCompile Include="$(WEBOTS_HOME)\src\controller\cpp\Radar.cpp" />
    <ClCompile Include="$(WEBOTS_HOME)\src\controller\cpp\RangeFinder.cpp" />
    <ClCompile Include="$(WEBOTS_HOME)\src\controller\cpp\Receiver.cpp" />
    <ClCompile Include="$(WEBOTS_HOME)\src\controller\cpp\Robot.cpp" />
    <ClCompile Include="$(WEBOTS_HOME)\src\controller\cpp\Skin.cpp" />
    <ClCompile Include="$(WEBOTS_HOME)\src\controller\cpp\Speaker.cpp" />
    <ClCompile Include="$(WEBOTS_HOME)\src\controller\cpp\Supervisor.cpp" />
    <ClCompile Include="$(WEBOTS_HOME)\src\controller\cpp\TouchSensor.cpp" />
    <ClCompile Include="RCJ_Maze.cpp" />
    <ClCompile Include="Direction.cpp" />
    <ClCompile Include="RobotFuncs.cpp" />
    <ClCompile Include="trackingInfo.cpp" />
  </ItemGroup>
  <ItemGroup>
    <ClInclude Include="Direction.hpp" />
    <ClInclude Include="Header.hpp" />
  </ItemGroup>
</Project>